
Microsoft Visual Studio Solution File, Format Version 12.00
# Visual Studio Version 16
VisualStudioVersion = 25.0.1706.8
MinimumVisualStudioVersion = 10.0.40219.1
Project("{FAE04EC0-301F-11D3-BF4B-00C04F79EFBC}") = "Mega airport", "Mega airport\Mega airport.csproj", "{6B6B0D9B-9A4B-4E7A-839B-DF0949A50B9B}"
EndProject
Global
	GlobalSection(SolutionConfigurationPlatforms) = preSolution
		Debug|Any CPU = Debug|Any CPU
		Release|Any CPU = Release|Any CPU
	EndGlobalSection
	GlobalSection(ProjectConfigurationPlatforms) = postSolution
		{6B6B0D9B-9A4B-4E7A-839B-DF0949A50B9B}.Debug|Any CPU.ActiveCfg = Debug|Any CPU
		{6B6B0D9B-9A4B-4E7A-839B-DF0949A50B9B}.Debug|Any CPU.Build.0 = Debug|Any CPU
		{6B6B0D9B-9A4B-4E7A-839B-DF0949A50B9B}.Release|Any CPU.ActiveCfg = Release|Any CPU
		{6B6B0D9B-9A4B-4E7A-839B-DF0949A50B9B}.Release|Any CPU.Build.0 = Release|Any CPU
	EndGlobalSection
	GlobalSection(SolutionProperties) = preSolution
		HideSolutionNode = FALSE
	EndGlobalSection
	GlobalSection(ExtensibilityGlobals) = postSolution
		SolutionGuid = {BA6EA08C-D61E-4ECD-9749-4A91FA3C06A0}
	EndGlobalSection
EndGlobal
